
Microsoft Visual Studio Solution File, Format Version 12.00
Project("{FAE04EC0-301F-11D3-BF4B-00C04F79EFBC}") = "ATPRV_Lab2_Shutov", "ATPRV_Lab2_Shutov\ATPRV_Lab2_Shutov.csproj", "{606FBA04-6589-42CC-A38B-FF3AB2395598}"
EndProject
Global
	GlobalSection(SolutionConfigurationPlatforms) = preSolution
		Debug|Any CPU = Debug|Any CPU
		Release|Any CPU = Release|Any CPU
	EndGlobalSection
	GlobalSection(ProjectConfigurationPlatforms) = postSolution
		{606FBA04-6589-42CC-A38B-FF3AB2395598}.Debug|Any CPU.ActiveCfg = Debug|Any CPU
		{606FBA04-6589-42CC-A38B-FF3AB2395598}.Debug|Any CPU.Build.0 = Debug|Any CPU
		{606FBA04-6589-42CC-A38B-FF3AB2395598}.Release|Any CPU.ActiveCfg = Release|Any CPU
		{606FBA04-6589-42CC-A38B-FF3AB2395598}.Release|Any CPU.Build.0 = Release|Any CPU
	EndGlobalSection
EndGlobal
